// !$*UTF8*$!
{
	archiveVersion = 1;
	classes = {
	};
	objectVersion = 46;
	objects = {

/* Begin PBXBuildFile section */
		181D96EC1DE2EAFF00F5815E /* KBMarginLabel.m in Sources */ = {isa = PBXBuildFile; fileRef = 181D96E71DE2EAFF00F5815E /* KBMarginLabel.m */; };
		181D96ED1DE2EAFF00F5815E /* KBPerformanceMonitor.m in Sources */ = {isa = PBXBuildFile; fileRef = 181D96E91DE2EAFF00F5815E /* KBPerformanceMonitor.m */; };
		181D96EE1DE2EAFF00F5815E /* KBPerformanceView.m in Sources */ = {isa = PBXBuildFile; fileRef = 181D96EB1DE2EAFF00F5815E /* KBPerformanceView.m */; };
/* End PBXBuildFile section */

/* Begin PBXCopyFilesBuildPhase section */
		181D96D81DE2EAF000F5815E /* CopyFiles */ = {
			isa = PBXCopyFilesBuildPhase;
			buildActionMask = 2147483647;
			dstPath = "include/$(PRODUCT_NAME)";
			dstSubfolderSpec = 16;
			files = (
			);
			runOnlyForDeploymentPostprocessing = 0;
		};
/* End PBXCopyFilesBuildPhase section */

/* Begin PBXFileReference section */
		181D96DA1DE2EAF000F5815E /* libKBAppMonitoring.a */ = {isa = PBXFileReference; explicitFileType = archive.ar; includeInIndex = 0; path = libKBAppMonitoring.a; sourceTree = BUILT_PRODUCTS_DIR; };
		181D96E61DE2EAFF00F5815E /* KBMarginLabel.h */ = {isa = PBXFileReference; fileEncoding = 4; lastKnownFileType = sourcecode.c.h; path = KBMarginLabel.h; sourceTree = "<group>"; };
		181D96E71DE2EAFF00F5815E /* KBMarginLabel.m */ = {isa = PBXFileReference; fileEncoding = 4; lastKnownFileType = sourcecode.c.objc; path = KBMarginLabel.m; sourceTree = "<group>"; };
		181D96E81DE2EAFF00F5815E /* KBPerformanceMonitor.h */ = {isa = PBXFileReference; fileEncoding = 4; lastKnownFileType = sourcecode.c.h; path = KBPerformanceMonitor.h; sourceTree = "<group>"; };
		181D96E91DE2EAFF00F5815E /* KBPerformanceMonitor.m */ = {isa = PBXFileReference; fileEncoding = 4; lastKnownFileType = sourcecode.c.objc; path = KBPerformanceMonitor.m; sourceTree = "<group>"; };
		181D96EA1DE2EAFF00F5815E /* KBPerformanceView.h */ = {isa = PBXFileReference; fileEncoding = 4; lastKnownFileType = sourcecode.c.h; path = KBPerformanceView.h; sourceTree = "<group>"; };
		181D96EB1DE2EAFF00F5815E /* KBPerformanceView.m */ = {isa = PBXFileReference; fileEncoding = 4; lastKnownFileType = sourcecode.c.objc; path = KBPerformanceView.m; sourceTree = "<group>"; };
/* End PBXFileReference section */

/* Begin PBXFrameworksBuildPhase section */
		181D96D71DE2EAF000F5815E /* Frameworks */ = {
			isa = PBXFrameworksBuildPhase;
			buildActionMask = 2147483647;
			files = (
			);
			runOnlyForDeploymentPostprocessing = 0;
		};
/* End PBXFrameworksBuildPhase section */

/* Begin PBXGroup section */
		181D96D11DE2EAF000F5815E = {
			isa = PBXGroup;
			children = (
				181D96DC1DE2EAF000F5815E /* KBAppMonitoring */,
				181D96DB1DE2EAF000F5815E /* Products */,
			);
			sourceTree = "<group>";
		};
		181D96DB1DE2EAF000F5815E /* Products */ = {
			isa = PBXGroup;
			children = (
				181D96DA1DE2EAF000F5815E /* libKBAppMonitoring.a */,
			);
			name = Products;
			sourceTree = "<group>";
		};
		181D96DC1DE2EAF000F5815E /* KBAppMonitoring */ = {
			isa = PBXGroup;
			children = (
				181D96E61DE2EAFF00F5815E /* KBMarginLabel.h */,
				181D96E71DE2EAFF00F5815E /* KBMarginLabel.m */,
				181D96E81DE2EAFF00F5815E /* KBPerformanceMonitor.h */,
				181D96E91DE2EAFF00F5815E /* KBPerformanceMonitor.m */,
				181D96EA1DE2EAFF00F5815E /* KBPerformanceView.h */,
				181D96EB1DE2EAFF00F5815E /* KBPerformanceView.m */,
			);
			path = KBAppMonitoring;
			sourceTree = "<group>";
		};
/* End PBXGroup section */

/* Begin PBXNativeTarget section */
		181D96D91DE2EAF000F5815E /* KBAppMonitoring */ = {
			isa = PBXNativeTarget;
			buildConfigurationList = 181D96E31DE2EAF000F5815E /* Build configuration list for PBXNativeTarget "KBAppMonitoring" */;
			buildPhases = (
				181D96D61DE2EAF000F5815E /* Sources */,
				181D96D71DE2EAF000F5815E /* Frameworks */,
				181D96D81DE2EAF000F5815E /* CopyFiles */,
			);
			buildRules = (
			);
			dependencies = (
			);
			name = KBAppMonitoring;
			productName = KBAppMonitoring;
			productReference = 181D96DA1DE2EAF000F5815E /* libKBAppMonitoring.a */;
			productType = "com.apple.product-type.library.static";
		};
/* End PBXNativeTarget section */

/* Begin PBXProject section */
		181D96D21DE2EAF000F5815E /* Project object */ = {
			isa = PBXProject;
			attributes = {
				LastUpgradeCheck = 0810;
				ORGANIZATIONNAME = Dheeraj;
				TargetAttributes = {
					181D96D91DE2EAF000F5815E = {
						CreatedOnToolsVersion = 8.1;
						ProvisioningStyle = Automatic;
					};
				};
			};
			buildConfigurationList = 181D96D51DE2EAF000F5815E /* Build configuration list for PBXProject "KBAppMonitoring" */;
			compatibilityVersion = "Xcode 3.2";
			developmentRegion = English;
			hasScannedForEncodings = 0;
			knownRegions = (
				en,
			);
			mainGroup = 181D96D11DE2EAF000F5815E;
			productRefGroup = 181D96DB1DE2EAF000F5815E /* Products */;
			projectDirPath = "";
			projectRoot = "";
			targets = (
				181D96D91DE2EAF000F5815E /* KBAppMonitoring */,
			);
		};
/* End PBXProject section */

/* Begin PBXSourcesBuildPhase section */
		181D96D61DE2EAF000F5815E /* Sources */ = {
			isa = PBXSourcesBuildPhase;
			buildActionMask = 2147483647;
			files = (
				181D96ED1DE2EAFF00F5815E /* KBPerformanceMonitor.m in Sources */,
				181D96EC1DE2EAFF00F5815E /* KBMarginLabel.m in Sources */,
				181D96EE1DE2EAFF00F5815E /* KBPerformanceView.m in Sources */,
			);
			runOnlyForDeploymentPostprocessing = 0;
		};
/* End PBXSourcesBuildPhase section */

/* Begin XCBuildConfiguration section */
		181D96E11DE2EAF000F5815E /* Debug */ = {
			isa = XCBuildConfiguration;
			buildSettings = {
				ALWAYS_SEARCH_USER_PATHS = NO;
				CLANG_ANALYZER_NONNULL = YES;
				CLANG_CXX_LANGUAGE_STANDARD = "gnu++0x";
				CLANG_CXX_LIBRARY = "libc++";
				CLANG_ENABLE_MODULES = YES;
				CLANG_ENABLE_OBJC_ARC = YES;
				CLANG_WARN_BOOL_CONVERSION = YES;
				CLANG_WARN_CONSTANT_CONVERSION = YES;
				CLANG_WARN_DIRECT_OBJC_ISA_USAGE = YES_ERROR;
				CLANG_WARN_DOCUMENTATION_COMMENTS = YES;
				CLANG_WARN_EMPTY_BODY = YES;
				CLANG_WARN_ENUM_CONVERSION = YES;
				CLANG_WARN_INFINITE_RECURSION = YES;
				CLANG_WARN_INT_CONVERSION = YES;
				CLANG_WARN_OBJC_ROOT_CLASS = YES_ERROR;
				CLANG_WARN_SUSPICIOUS_MOVES = YES;
				CLANG_WARN_UNREACHABLE_CODE = YES;
				CLANG_WARN__DUPLICATE_METHOD_MATCH = YES;
				"CODE_SIGN_IDENTITY[sdk=iphoneos*]" = "iPhone Developer";
				COPY_PHASE_STRIP = NO;
				DEBUG_INFORMATION_FORMAT = dwarf;
				ENABLE_STRICT_OBJC_MSGSEND = YES;
				ENABLE_TESTABILITY = YES;
				GCC_C_LANGUAGE_STANDARD = gnu99;
				GCC_DYNAMIC_NO_PIC = NO;
				GCC_NO_COMMON_BLOCKS = YES;
				GCC_OPTIMIZATION_LEVEL = 0;
				GCC_PREPROCESSOR_DEFINITIONS = (
					"DEBUG=1",
					"$(inherited)",
				);
				GCC_WARN_64_TO_32_BIT_CONVERSION = YES;
				GCC_WARN_ABOUT_RETURN_TYPE = YES_ERROR;
				GCC_WARN_UNDECLARED_SELECTOR = YES;
				GCC_WARN_UNINITIALIZED_AUTOS = YES_AGGRESSIVE;
				GCC_WARN_UNUSED_FUNCTION = YES;
				GCC_WARN_UNUSED_VARIABLE = YES;
				IPHONEOS_DEPLOYMENT_TARGET = 10.1;
				MTL_ENABLE_DEBUG_INFO = YES;
				ONLY_ACTIVE_ARCH = YES;
				SDKROOT = iphoneos;
			};
			name = Debug;
		};
		181D96E21DE2EAF000F5815E /* Release */ = {
			isa = XCBuildConfiguration;
			buildSettings = {
				ALWAYS_SEARCH_USER_PATHS = NO;
				CLANG_ANALYZER_NONNULL = YES;
				CLANG_CXX_LANGUAGE_STANDARD = "gnu++0x";
				CLANG_CXX_LIBRARY = "libc++";
				CLANG_ENABLE_MODULES = YES;
				CLANG_ENABLE_OBJC_ARC = YES;
				CLANG_WARN_BOOL_CONVERSION = YES;
				CLANG_WARN_CONSTANT_CONVERSION = YES;
				CLANG_WARN_DIRECT_OBJC_ISA_USAGE = YES_ERROR;
				CLANG_WARN_DOCUMENTATION_COMMENTS = YES;
				CLANG_WARN_EMPTY_BODY = YES;
				CLANG_WARN_ENUM_CONVERSION = YES;
				CLANG_WARN_INFINITE_RECURSION = YES;
				CLANG_WARN_INT_CONVERSION = YES;
				CLANG_WARN_OBJC_ROOT_CLASS = YES_ERROR;
				CLANG_WARN_SUSPICIOUS_MOVES = YES;
				CLANG_WARN_UNREACHABLE_CODE = YES;
				CLANG_WARN__DUPLICATE_METHOD_MATCH = YES;
				"CODE_SIGN_IDENTITY[sdk=iphoneos*]" = "iPhone Developer";
				COPY_PHASE_STRIP = NO;
				DEBUG_INFORMATION_FORMAT = "dwarf-with-dsym";
				ENABLE_NS_ASSERTIONS = NO;
				ENABLE_STRICT_OBJC_MSGSEND = YES;
				GCC_C_LANGUAGE_STANDARD = gnu99;
				GCC_NO_COMMON_BLOCKS = YES;
				GCC_WARN_64_TO_32_BIT_CONVERSION = YES;
				GCC_WARN_ABOUT_RETURN_TYPE = YES_ERROR;
				GCC_WARN_UNDECLARED_SELECTOR = YES;
				GCC_WARN_UNINITIALIZED_AUTOS = YES_AGGRESSIVE;
				GCC_WARN_UNUSED_FUNCTION = YES;
				GCC_WARN_UNUSED_VARIABLE = YES;
				IPHONEOS_DEPLOYMENT_TARGET = 10.1;
				MTL_ENABLE_DEBUG_INFO = NO;
				SDKROOT = iphoneos;
				VALIDATE_PRODUCT = YES;
			};
			name = Release;
		};
		181D96E41DE2EAF000F5815E /* Debug */ = {
			isa = XCBuildConfiguration;
			buildSettings = {
				ARCHS = (
					"$(ARCHS_STANDARD)",
					i386,
					arm64,
					armv7s,
					armv7,
				);
				ONLY_ACTIVE_ARCH = NO;
				OTHER_LDFLAGS = "-ObjC";
				PRODUCT_NAME = "$(TARGET_NAME)";
				SKIP_INSTALL = YES;
			};
			name = Debug;
		};
		181D96E51DE2EAF000F5815E /* Release */ = {
			isa = XCBuildConfiguration;
			buildSettings = {
				ARCHS = (
					"$(ARCHS_STANDARD)",
					i386,
					arm64,
					armv7s,
					armv7,
				);
				ONLY_ACTIVE_ARCH = NO;
				OTHER_LDFLAGS = "-ObjC";
				PRODUCT_NAME = "$(TARGET_NAME)";
				SKIP_INSTALL = YES;
			};
			name = Release;
		};
/* End XCBuildConfiguration section */

/* Begin XCConfigurationList section */
		181D96D51DE2EAF000F5815E /* Build configuration list for PBXProject "KBAppMonitoring" */ = {
			isa = XCConfigurationList;
			buildConfigurations = (
				181D96E11DE2EAF000F5815E /* Debug */,
				181D96E21DE2EAF000F5815E /* Release */,
			);
			defaultConfigurationIsVisible = 0;
			defaultConfigurationName = Release;
		};
		181D96E31DE2EAF000F5815E /* Build configuration list for PBXNativeTarget "KBAppMonitoring" */ = {
			isa = XCConfigurationList;
			buildConfigurations = (
				181D96E41DE2EAF000F5815E /* Debug */,
				181D96E51DE2EAF000F5815E /* Release */,
			);
			defaultConfigurationIsVisible = 0;
		};
/* End XCConfigurationList section */
	};
	rootObject = 181D96D21DE2EAF000F5815E /* Project object */;
}
